
Microsoft Visual Studio Solution File, Format Version 12.00
# Visual Studio Version 17
VisualStudioVersion = 17.6.33712.159
MinimumVisualStudioVersion = 10.0.40219.1
Project("{9A19103F-16F7-4668-BE54-9A1E7A4F7556}") = "TangyWeb_Server", "TangyWeb_Server\TangyWeb_Server.csproj", "{B859295C-66A0-4429-81EE-9176AB874159}"
EndProject
Project("{9A19103F-16F7-4668-BE54-9A1E7A4F7556}") = "TangyWeb_Client", "TangyWeb_Client\TangyWeb_Client.csproj", "{C04F48E7-CA83-43DC-9B74-CAB5358155FE}"
EndProject
Project("{9A19103F-16F7-4668-BE54-9A1E7A4F7556}") = "Tangy_Models", "Tangy_Models\Tangy_Models.csproj", "{C32B6FAD-EAA5-459A-897E-8DE046AA2BFB}"
EndProject
Global
	GlobalSection(SolutionConfigurationPlatforms) = preSolution
		Debug|Any CPU = Debug|Any CPU
		Release|Any CPU = Release|Any CPU
	EndGlobalSection
	GlobalSection(ProjectConfigurationPlatforms) = postSolution
		{B859295C-66A0-4429-81EE-9176AB874159}.Debug|Any CPU.ActiveCfg = Debug|Any CPU
		{B859295C-66A0-4429-81EE-9176AB874159}.Debug|Any CPU.Build.0 = Debug|Any CPU
		{B859295C-66A0-4429-81EE-9176AB874159}.Release|Any CPU.ActiveCfg = Release|Any CPU
		{B859295C-66A0-4429-81EE-9176AB874159}.Release|Any CPU.Build.0 = Release|Any CPU
		{C04F48E7-CA83-43DC-9B74-CAB5358155FE}.Debug|Any CPU.ActiveCfg = Debug|Any CPU
		{C04F48E7-CA83-43DC-9B74-CAB5358155FE}.Debug|Any CPU.Build.0 = Debug|Any CPU
		{C04F48E7-CA83-43DC-9B74-CAB5358155FE}.Release|Any CPU.ActiveCfg = Release|Any CPU
		{C04F48E7-CA83-43DC-9B74-CAB5358155FE}.Release|Any CPU.Build.0 = Release|Any CPU
		{C32B6FAD-EAA5-459A-897E-8DE046AA2BFB}.Debug|Any CPU.ActiveCfg = Debug|Any CPU
		{C32B6FAD-EAA5-459A-897E-8DE046AA2BFB}.Debug|Any CPU.Build.0 = Debug|Any CPU
		{C32B6FAD-EAA5-459A-897E-8DE046AA2BFB}.Release|Any CPU.ActiveCfg = Release|Any CPU
		{C32B6FAD-EAA5-459A-897E-8DE046AA2BFB}.Release|Any CPU.Build.0 = Release|Any CPU
	EndGlobalSection
	GlobalSection(SolutionProperties) = preSolution
		HideSolutionNode = FALSE
	EndGlobalSection
	GlobalSection(ExtensibilityGlobals) = postSolution
		SolutionGuid = {477DEBD1-DB39-4C85-B78A-BBB21899E337}
	EndGlobalSection
EndGlobal
